
Microsoft Visual Studio Solution File, Format Version 12.00
# Visual Studio Version 17
VisualStudioVersion = 17.12.35728.132 d17.12
MinimumVisualStudioVersion = 10.0.40219.1
Project("{FAE04EC0-301F-11D3-BF4B-00C04F79EFBC}") = "WPStatusUploadServer", "WPStatusUploadServer.csproj", "{D25877C1-76CB-49AF-AC9A-588A792F3739}"
EndProject
Project("{FAE04EC0-301F-11D3-BF4B-00C04F79EFBC}") = "WPStatusUploader", "..\WPStatusUploader\WPStatusUploader.csproj", "{F2A6B168-B555-4451-A0C7-DFDF329F3049}"
EndProject
Global
	GlobalSection(SolutionConfigurationPlatforms) = preSolution
		Debug|Any CPU = Debug|Any CPU
		Release|Any CPU = Release|Any CPU
	EndGlobalSection
	GlobalSection(ProjectConfigurationPlatforms) = postSolution
		{D25877C1-76CB-49AF-AC9A-588A792F3739}.Debug|Any CPU.ActiveCfg = Debug|Any CPU
		{D25877C1-76CB-49AF-AC9A-588A792F3739}.Debug|Any CPU.Build.0 = Debug|Any CPU
		{D25877C1-76CB-49AF-AC9A-588A792F3739}.Release|Any CPU.ActiveCfg = Release|Any CPU
		{D25877C1-76CB-49AF-AC9A-588A792F3739}.Release|Any CPU.Build.0 = Release|Any CPU
		{F2A6B168-B555-4451-A0C7-DFDF329F3049}.Debug|Any CPU.ActiveCfg = Debug|Any CPU
		{F2A6B168-B555-4451-A0C7-DFDF329F3049}.Debug|Any CPU.Build.0 = Debug|Any CPU
		{F2A6B168-B555-4451-A0C7-DFDF329F3049}.Release|Any CPU.ActiveCfg = Release|Any CPU
		{F2A6B168-B555-4451-A0C7-DFDF329F3049}.Release|Any CPU.Build.0 = Release|Any CPU
	EndGlobalSection
	GlobalSection(SolutionProperties) = preSolution
		HideSolutionNode = FALSE
	EndGlobalSection
EndGlobal
